{
  "name": "everflex1",
  "version": "0.0.0",
  "lockfileVersion": 2,
  "requires": true,
  "packages": {
    "": {
      "name": "everflex1",
      "version": "0.0.0",
      "devDependencies": {
        "@types/node": "^14.14.7",
        "typescript": "^4.0.5"
      }
    },
    "node_modules/@types/node": {
      "version": "14.18.7",
      "resolved": "https://registry.npmjs.org/@types/node/-/node-14.18.7.tgz",
      "integrity": "sha512-UpLEO1iBG7esNPusSAjoZhWFK5Mfd8QfwWhHRrg5io13POn/stsBgTCba9suQaFflNA4tc0+6AFM3R6BZNng6A==",
      "dev": true
    },
    "node_modules/typescript": {
      "version": "4.5.4",
      "resolved": "https://registry.npmjs.org/typescript/-/typescript-4.5.4.tgz",
      "integrity": "sha512-VgYs2A2QIRuGphtzFV7aQJduJ2gyfTljngLzjpfW9FoYZF6xuw1W0vW9ghCKLfcWrCFxK81CSGRAvS1pn4fIUg==",
      "dev": true,
      "bin": {
        "tsc": "bin/tsc",
        "tsserver": "bin/tsserver"
      },
      "engines": {
        "node": ">=4.2.0"
      }
    }
  },
  "dependencies": {
    "@types/node": {
      "version": "14.18.7",
      "resolved": "https://registry.npmjs.org/@types/node/-/node-14.18.7.tgz",
      "integrity": "sha512-UpLEO1iBG7esNPusSAjoZhWFK5Mfd8QfwWhHRrg5io13POn/stsBgTCba9suQaFflNA4tc0+6AFM3R6BZNng6A==",
      "dev": true
    },
    "typescript": {
      "version": "4.5.4",
      "resolved": "https://registry.npmjs.org/typescript/-/typescript-4.5.4.tgz",
      "integrity": "sha512-VgYs2A2QIRuGphtzFV7aQJduJ2gyfTljngLzjpfW9FoYZF6xuw1W0vW9ghCKLfcWrCFxK81CSGRAvS1pn4fIUg==",
      "dev": true
    }
  }
}
